
Microsoft Visual Studio Solution File, Format Version 12.00
# Visual Studio Version 17
VisualStudioVersion = 17.4.33213.308
MinimumVisualStudioVersion = 10.0.40219.1
Project("{FAE04EC0-301F-11D3-BF4B-00C04F79EFBC}") = "Hello", "Hello\Hello.csproj", "{345A84E7-3141-498F-AE41-234292B639A5}"
EndProject
Project("{FAE04EC0-301F-11D3-BF4B-00C04F79EFBC}") = "animal", "animal\animal.csproj", "{E44024AE-2429-4E3C-9950-F458417A8845}"
EndProject
Project("{FAE04EC0-301F-11D3-BF4B-00C04F79EFBC}") = "PreProst", "PreProst\PreProst.csproj", "{B14BCDA0-8FB2-4D2F-B65F-4B9499C63BB1}"
EndProject
Project("{FAE04EC0-301F-11D3-BF4B-00C04F79EFBC}") = "run", "run\run.csproj", "{FEB48871-6E23-4558-BF58-D2F60CE19AA0}"
EndProject
Project("{FAE04EC0-301F-11D3-BF4B-00C04F79EFBC}") = "TestApp", "Testapp\TestApp.csproj", "{A18C7B89-D7D4-472D-9A2C-305A4FCFB692}"
EndProject
Project("{FAE04EC0-301F-11D3-BF4B-00C04F79EFBC}") = "TestApp2", "TestApp2\TestApp2.csproj", "{00CBC167-78A1-4059-BA78-73C19E226100}"
EndProject
Project("{FAE04EC0-301F-11D3-BF4B-00C04F79EFBC}") = "TestApp szamologep", "TestApp szamologep\TestApp szamologep.csproj", "{E059175D-55CB-4AE6-B920-6A62678E1194}"
EndProject
Project("{FAE04EC0-301F-11D3-BF4B-00C04F79EFBC}") = "TestApp_ko_papir_ollo", "TestApp_ko_papir_ollo\TestApp_ko_papir_ollo.csproj", "{729AC924-8184-468E-841C-A3ECECD3DAAA}"
EndProject
Project("{FAE04EC0-301F-11D3-BF4B-00C04F79EFBC}") = "szamok_bekeres", "szamok_bekeres\szamok_bekeres.csproj", "{008840BA-C688-48CA-935A-4619FD31F26C}"
EndProject
Project("{FAE04EC0-301F-11D3-BF4B-00C04F79EFBC}") = "homerseklet", "homerseklet\homerseklet.csproj", "{C0F3EBA6-618D-4EBB-83E0-9F159C032D7A}"
EndProject
Project("{FAE04EC0-301F-11D3-BF4B-00C04F79EFBC}") = "viz_goz_jeg", "viz_goz_jeg\viz_goz_jeg.csproj", "{45344F68-B2A1-4468-987B-F50813BABDE4}"
EndProject
Project("{FAE04EC0-301F-11D3-BF4B-00C04F79EFBC}") = "testömeg_index", "testömeg_index\testömeg_index.csproj", "{1C339F0D-D1E8-4AB4-B885-E8AE4F5DDFAD}"
EndProject
Project("{FAE04EC0-301F-11D3-BF4B-00C04F79EFBC}") = "koordinata", "koordinata\koordinata.csproj", "{16036B61-8EF3-4ED3-9F64-03E99A583AEC}"
EndProject
Project("{FAE04EC0-301F-11D3-BF4B-00C04F79EFBC}") = "ponthatarok", "ponthatarok\ponthatarok.csproj", "{A771E00B-9946-4F87-B2FC-770DD01A621A}"
EndProject
Project("{FAE04EC0-301F-11D3-BF4B-00C04F79EFBC}") = "mezogazdasagi joslas", "mezogazdasagi joslas\mezogazdasagi joslas.csproj", "{7D179FDC-E2EB-4A24-B591-3F284140E05F}"
EndProject
Project("{FAE04EC0-301F-11D3-BF4B-00C04F79EFBC}") = "szamolas", "szamolas\szamolas.csproj", "{8919BEC8-E1A1-4E77-8796-2C728E12667B}"
EndProject
Project("{FAE04EC0-301F-11D3-BF4B-00C04F79EFBC}") = "respiracio_kvonciens_kiszamitas", "respiracio_kvonciens_kiszamitas\respiracio_kvonciens_kiszamitas.csproj", "{9482B08B-D812-4600-ACE4-EC358CBAA504}"
EndProject
Project("{FAE04EC0-301F-11D3-BF4B-00C04F79EFBC}") = "Csomagolo", "Csomagolo\Csomagolo.csproj", "{7993160E-F3E9-4446-9ECC-B3F0855945C2}"
EndProject
Project("{FAE04EC0-301F-11D3-BF4B-00C04F79EFBC}") = "burkolo", "burkolo\burkolo.csproj", "{CB1DD5E2-FAB3-43BE-80AE-6A61E1F295AB}"
EndProject
Project("{FAE04EC0-301F-11D3-BF4B-00C04F79EFBC}") = "masodfokuegyenlet", "masodfokuegyenlet\masodfokuegyenlet.csproj", "{E8B2DEF7-4F6B-4AE7-96E2-623202B08E89}"
EndProject
Project("{FAE04EC0-301F-11D3-BF4B-00C04F79EFBC}") = "veletlenszamok", "veletlenszamok\veletlenszamok.csproj", "{88813AFF-25AF-45F2-AD3A-53BB1ABC2331}"
EndProject
Project("{FAE04EC0-301F-11D3-BF4B-00C04F79EFBC}") = "penzermek", "penzermek\penzermek.csproj", "{173B1885-5A36-4F72-9EEC-A4D14117E5F8}"
EndProject
Global
	GlobalSection(SolutionConfigurationPlatforms) = preSolution
		Debug|Any CPU = Debug|Any CPU
		Release|Any CPU = Release|Any CPU
	EndGlobalSection
	GlobalSection(ProjectConfigurationPlatforms) = postSolution
		{345A84E7-3141-498F-AE41-234292B639A5}.Debug|Any CPU.ActiveCfg = Debug|Any CPU
		{345A84E7-3141-498F-AE41-234292B639A5}.Debug|Any CPU.Build.0 = Debug|Any CPU
		{345A84E7-3141-498F-AE41-234292B639A5}.Release|Any CPU.ActiveCfg = Release|Any CPU
		{345A84E7-3141-498F-AE41-234292B639A5}.Release|Any CPU.Build.0 = Release|Any CPU
		{E44024AE-2429-4E3C-9950-F458417A8845}.Debug|Any CPU.ActiveCfg = Debug|Any CPU
		{E44024AE-2429-4E3C-9950-F458417A8845}.Debug|Any CPU.Build.0 = Debug|Any CPU
		{E44024AE-2429-4E3C-9950-F458417A8845}.Release|Any CPU.ActiveCfg = Release|Any CPU
		{E44024AE-2429-4E3C-9950-F458417A8845}.Release|Any CPU.Build.0 = Release|Any CPU
		{B14BCDA0-8FB2-4D2F-B65F-4B9499C63BB1}.Debug|Any CPU.ActiveCfg = Debug|Any CPU
		{B14BCDA0-8FB2-4D2F-B65F-4B9499C63BB1}.Debug|Any CPU.Build.0 = Debug|Any CPU
		{B14BCDA0-8FB2-4D2F-B65F-4B9499C63BB1}.Release|Any CPU.ActiveCfg = Release|Any CPU
		{B14BCDA0-8FB2-4D2F-B65F-4B9499C63BB1}.Release|Any CPU.Build.0 = Release|Any CPU
		{FEB48871-6E23-4558-BF58-D2F60CE19AA0}.Debug|Any CPU.ActiveCfg = Debug|Any CPU
		{FEB48871-6E23-4558-BF58-D2F60CE19AA0}.Debug|Any CPU.Build.0 = Debug|Any CPU
		{FEB48871-6E23-4558-BF58-D2F60CE19AA0}.Release|Any CPU.ActiveCfg = Release|Any CPU
		{FEB48871-6E23-4558-BF58-D2F60CE19AA0}.Release|Any CPU.Build.0 = Release|Any CPU
		{A18C7B89-D7D4-472D-9A2C-305A4FCFB692}.Debug|Any CPU.ActiveCfg = Debug|Any CPU
		{A18C7B89-D7D4-472D-9A2C-305A4FCFB692}.Debug|Any CPU.Build.0 = Debug|Any CPU
		{A18C7B89-D7D4-472D-9A2C-305A4FCFB692}.Release|Any CPU.ActiveCfg = Release|Any CPU
		{A18C7B89-D7D4-472D-9A2C-305A4FCFB692}.Release|Any CPU.Build.0 = Release|Any CPU
		{00CBC167-78A1-4059-BA78-73C19E226100}.Debug|Any CPU.ActiveCfg = Debug|Any CPU
		{00CBC167-78A1-4059-BA78-73C19E226100}.Debug|Any CPU.Build.0 = Debug|Any CPU
		{00CBC167-78A1-4059-BA78-73C19E226100}.Release|Any CPU.ActiveCfg = Release|Any CPU
		{00CBC167-78A1-4059-BA78-73C19E226100}.Release|Any CPU.Build.0 = Release|Any CPU
		{E059175D-55CB-4AE6-B920-6A62678E1194}.Debug|Any CPU.ActiveCfg = Debug|Any CPU
		{E059175D-55CB-4AE6-B920-6A62678E1194}.Debug|Any CPU.Build.0 = Debug|Any CPU
		{E059175D-55CB-4AE6-B920-6A62678E1194}.Release|Any CPU.ActiveCfg = Release|Any CPU
		{E059175D-55CB-4AE6-B920-6A62678E1194}.Release|Any CPU.Build.0 = Release|Any CPU
		{729AC924-8184-468E-841C-A3ECECD3DAAA}.Debug|Any CPU.ActiveCfg = Debug|Any CPU
		{729AC924-8184-468E-841C-A3ECECD3DAAA}.Debug|Any CPU.Build.0 = Debug|Any CPU
		{729AC924-8184-468E-841C-A3ECECD3DAAA}.Release|Any CPU.ActiveCfg = Release|Any CPU
		{729AC924-8184-468E-841C-A3ECECD3DAAA}.Release|Any CPU.Build.0 = Release|Any CPU
		{008840BA-C688-48CA-935A-4619FD31F26C}.Debug|Any CPU.ActiveCfg = Debug|Any CPU
		{008840BA-C688-48CA-935A-4619FD31F26C}.Debug|Any CPU.Build.0 = Debug|Any CPU
		{008840BA-C688-48CA-935A-4619FD31F26C}.Release|Any CPU.ActiveCfg = Release|Any CPU
		{008840BA-C688-48CA-935A-4619FD31F26C}.Release|Any CPU.Build.0 = Release|Any CPU
		{C0F3EBA6-618D-4EBB-83E0-9F159C032D7A}.Debug|Any CPU.ActiveCfg = Debug|Any CPU
		{C0F3EBA6-618D-4EBB-83E0-9F159C032D7A}.Debug|Any CPU.Build.0 = Debug|Any CPU
		{C0F3EBA6-618D-4EBB-83E0-9F159C032D7A}.Release|Any CPU.ActiveCfg = Release|Any CPU
		{C0F3EBA6-618D-4EBB-83E0-9F159C032D7A}.Release|Any CPU.Build.0 = Release|Any CPU
		{45344F68-B2A1-4468-987B-F50813BABDE4}.Debug|Any CPU.ActiveCfg = Debug|Any CPU
		{45344F68-B2A1-4468-987B-F50813BABDE4}.Debug|Any CPU.Build.0 = Debug|Any CPU
		{45344F68-B2A1-4468-987B-F50813BABDE4}.Release|Any CPU.ActiveCfg = Release|Any CPU
		{45344F68-B2A1-4468-987B-F50813BABDE4}.Release|Any CPU.Build.0 = Release|Any CPU
		{1C339F0D-D1E8-4AB4-B885-E8AE4F5DDFAD}.Debug|Any CPU.ActiveCfg = Debug|Any CPU
		{1C339F0D-D1E8-4AB4-B885-E8AE4F5DDFAD}.Debug|Any CPU.Build.0 = Debug|Any CPU
		{1C339F0D-D1E8-4AB4-B885-E8AE4F5DDFAD}.Release|Any CPU.ActiveCfg = Release|Any CPU
		{1C339F0D-D1E8-4AB4-B885-E8AE4F5DDFAD}.Release|Any CPU.Build.0 = Release|Any CPU
		{16036B61-8EF3-4ED3-9F64-03E99A583AEC}.Debug|Any CPU.ActiveCfg = Debug|Any CPU
		{16036B61-8EF3-4ED3-9F64-03E99A583AEC}.Debug|Any CPU.Build.0 = Debug|Any CPU
		{16036B61-8EF3-4ED3-9F64-03E99A583AEC}.Release|Any CPU.ActiveCfg = Release|Any CPU
		{16036B61-8EF3-4ED3-9F64-03E99A583AEC}.Release|Any CPU.Build.0 = Release|Any CPU
		{A771E00B-9946-4F87-B2FC-770DD01A621A}.Debug|Any CPU.ActiveCfg = Debug|Any CPU
		{A771E00B-9946-4F87-B2FC-770DD01A621A}.Debug|Any CPU.Build.0 = Debug|Any CPU
		{A771E00B-9946-4F87-B2FC-770DD01A621A}.Release|Any CPU.ActiveCfg = Release|Any CPU
		{A771E00B-9946-4F87-B2FC-770DD01A621A}.Release|Any CPU.Build.0 = Release|Any CPU
		{7D179FDC-E2EB-4A24-B591-3F284140E05F}.Debug|Any CPU.ActiveCfg = Debug|Any CPU
		{7D179FDC-E2EB-4A24-B591-3F284140E05F}.Debug|Any CPU.Build.0 = Debug|Any CPU
		{7D179FDC-E2EB-4A24-B591-3F284140E05F}.Release|Any CPU.ActiveCfg = Release|Any CPU
		{7D179FDC-E2EB-4A24-B591-3F284140E05F}.Release|Any CPU.Build.0 = Release|Any CPU
		{8919BEC8-E1A1-4E77-8796-2C728E12667B}.Debug|Any CPU.ActiveCfg = Debug|Any CPU
		{8919BEC8-E1A1-4E77-8796-2C728E12667B}.Debug|Any CPU.Build.0 = Debug|Any CPU
		{8919BEC8-E1A1-4E77-8796-2C728E12667B}.Release|Any CPU.ActiveCfg = Release|Any CPU
		{8919BEC8-E1A1-4E77-8796-2C728E12667B}.Release|Any CPU.Build.0 = Release|Any CPU
		{9482B08B-D812-4600-ACE4-EC358CBAA504}.Debug|Any CPU.ActiveCfg = Debug|Any CPU
		{9482B08B-D812-4600-ACE4-EC358CBAA504}.Debug|Any CPU.Build.0 = Debug|Any CPU
		{9482B08B-D812-4600-ACE4-EC358CBAA504}.Release|Any CPU.ActiveCfg = Release|Any CPU
		{9482B08B-D812-4600-ACE4-EC358CBAA504}.Release|Any CPU.Build.0 = Release|Any CPU
		{7993160E-F3E9-4446-9ECC-B3F0855945C2}.Debug|Any CPU.ActiveCfg = Debug|Any CPU
		{7993160E-F3E9-4446-9ECC-B3F0855945C2}.Debug|Any CPU.Build.0 = Debug|Any CPU
		{7993160E-F3E9-4446-9ECC-B3F0855945C2}.Release|Any CPU.ActiveCfg = Release|Any CPU
		{7993160E-F3E9-4446-9ECC-B3F0855945C2}.Release|Any CPU.Build.0 = Release|Any CPU
		{CB1DD5E2-FAB3-43BE-80AE-6A61E1F295AB}.Debug|Any CPU.ActiveCfg = Debug|Any CPU
		{CB1DD5E2-FAB3-43BE-80AE-6A61E1F295AB}.Debug|Any CPU.Build.0 = Debug|Any CPU
		{CB1DD5E2-FAB3-43BE-80AE-6A61E1F295AB}.Release|Any CPU.ActiveCfg = Release|Any CPU
		{CB1DD5E2-FAB3-43BE-80AE-6A61E1F295AB}.Release|Any CPU.Build.0 = Release|Any CPU
		{E8B2DEF7-4F6B-4AE7-96E2-623202B08E89}.Debug|Any CPU.ActiveCfg = Debug|Any CPU
		{E8B2DEF7-4F6B-4AE7-96E2-623202B08E89}.Debug|Any CPU.Build.0 = Debug|Any CPU
		{E8B2DEF7-4F6B-4AE7-96E2-623202B08E89}.Release|Any CPU.ActiveCfg = Release|Any CPU
		{E8B2DEF7-4F6B-4AE7-96E2-623202B08E89}.Release|Any CPU.Build.0 = Release|Any CPU
		{88813AFF-25AF-45F2-AD3A-53BB1ABC2331}.Debug|Any CPU.ActiveCfg = Debug|Any CPU
		{88813AFF-25AF-45F2-AD3A-53BB1ABC2331}.Debug|Any CPU.Build.0 = Debug|Any CPU
		{88813AFF-25AF-45F2-AD3A-53BB1ABC2331}.Release|Any CPU.ActiveCfg = Release|Any CPU
		{88813AFF-25AF-45F2-AD3A-53BB1ABC2331}.Release|Any CPU.Build.0 = Release|Any CPU
		{173B1885-5A36-4F72-9EEC-A4D14117E5F8}.Debug|Any CPU.ActiveCfg = Debug|Any CPU
		{173B1885-5A36-4F72-9EEC-A4D14117E5F8}.Debug|Any CPU.Build.0 = Debug|Any CPU
		{173B1885-5A36-4F72-9EEC-A4D14117E5F8}.Release|Any CPU.ActiveCfg = Release|Any CPU
		{173B1885-5A36-4F72-9EEC-A4D14117E5F8}.Release|Any CPU.Build.0 = Release|Any CPU
	EndGlobalSection
	GlobalSection(SolutionProperties) = preSolution
		HideSolutionNode = FALSE
	EndGlobalSection
	GlobalSection(ExtensibilityGlobals) = postSolution
		SolutionGuid = {7F729639-A0CE-40F9-A375-BB8BA16203F0}
	EndGlobalSection
EndGlobal
